// !$*UTF8*$!
{
	archiveVersion = 1;
	classes = {
	};
	objectVersion = 55;
	objects = {

/* Begin PBXBuildFile section */
		23B7CAA7274D50C8003986D2 /* Colors.xcassets in Resources */ = {isa = PBXBuildFile; fileRef = 23B7CAA6274D50C8003986D2 /* Colors.xcassets */; };
		23B7CAA9274D517D003986D2 /* Constants.swift in Sources */ = {isa = PBXBuildFile; fileRef = 23B7CAA8274D517C003986D2 /* Constants.swift */; };
		23B7CAB2274D58FC003986D2 /* CategoryTableViewController.swift in Sources */ = {isa = PBXBuildFile; fileRef = 23B7CAB1274D58FC003986D2 /* CategoryTableViewController.swift */; };
		23B7CAB5274D591F003986D2 /* CategoryCell.swift in Sources */ = {isa = PBXBuildFile; fileRef = 23B7CAB3274D591F003986D2 /* CategoryCell.swift */; };
		23B7CAB6274D591F003986D2 /* CategoryCell.xib in Resources */ = {isa = PBXBuildFile; fileRef = 23B7CAB4274D591F003986D2 /* CategoryCell.xib */; };
		23B7CAB9274E8999003986D2 /* NetworkManager.swift in Sources */ = {isa = PBXBuildFile; fileRef = 23B7CAB8274E8999003986D2 /* NetworkManager.swift */; };
		23B7CABB274E8ECA003986D2 /* CategoryDataModel.swift in Sources */ = {isa = PBXBuildFile; fileRef = 23B7CABA274E8ECA003986D2 /* CategoryDataModel.swift */; };
		23B7CAC327502C0C003986D2 /* SubcategoryDataModel.swift in Sources */ = {isa = PBXBuildFile; fileRef = 23B7CAC227502C0C003986D2 /* SubcategoryDataModel.swift */; };
		23B7CAC527511398003986D2 /* SubcategoryTableViewController.swift in Sources */ = {isa = PBXBuildFile; fileRef = 23B7CAC427511398003986D2 /* SubcategoryTableViewController.swift */; };
		23C1266927512668008A8669 /* SubcategoryCell.swift in Sources */ = {isa = PBXBuildFile; fileRef = 23C1266727512668008A8669 /* SubcategoryCell.swift */; };
		23C1266A27512668008A8669 /* SubcategoryCell.xib in Resources */ = {isa = PBXBuildFile; fileRef = 23C1266827512668008A8669 /* SubcategoryCell.xib */; };
		F5CE3FED2738579200C648D5 /* AppDelegate.swift in Sources */ = {isa = PBXBuildFile; fileRef = F5CE3FEC2738579200C648D5 /* AppDelegate.swift */; };
		F5CE3FEF2738579200C648D5 /* SceneDelegate.swift in Sources */ = {isa = PBXBuildFile; fileRef = F5CE3FEE2738579200C648D5 /* SceneDelegate.swift */; };
		F5CE3FF42738579200C648D5 /* Main.storyboard in Resources */ = {isa = PBXBuildFile; fileRef = F5CE3FF22738579200C648D5 /* Main.storyboard */; };
		F5CE3FF72738579200C648D5 /* BlackStarShop2.xcdatamodeld in Sources */ = {isa = PBXBuildFile; fileRef = F5CE3FF52738579200C648D5 /* BlackStarShop2.xcdatamodeld */; };
		F5CE3FF92738579500C648D5 /* Assets.xcassets in Resources */ = {isa = PBXBuildFile; fileRef = F5CE3FF82738579500C648D5 /* Assets.xcassets */; };
		F5CE3FFC2738579500C648D5 /* LaunchScreen.storyboard in Resources */ = {isa = PBXBuildFile; fileRef = F5CE3FFA2738579500C648D5 /* LaunchScreen.storyboard */; };
/* End PBXBuildFile section */

/* Begin PBXFileReference section */
		23B7CAA6274D50C8003986D2 /* Colors.xcassets */ = {isa = PBXFileReference; lastKnownFileType = folder.assetcatalog; path = Colors.xcassets; sourceTree = "<group>"; };
		23B7CAA8274D517C003986D2 /* Constants.swift */ = {isa = PBXFileReference; lastKnownFileType = sourcecode.swift; path = Constants.swift; sourceTree = "<group>"; };
		23B7CAB1274D58FC003986D2 /* CategoryTableViewController.swift */ = {isa = PBXFileReference; lastKnownFileType = sourcecode.swift; path = CategoryTableViewController.swift; sourceTree = "<group>"; };
		23B7CAB3274D591F003986D2 /* CategoryCell.swift */ = {isa = PBXFileReference; lastKnownFileType = sourcecode.swift; path = CategoryCell.swift; sourceTree = "<group>"; };
		23B7CAB4274D591F003986D2 /* CategoryCell.xib */ = {isa = PBXFileReference; lastKnownFileType = file.xib; path = CategoryCell.xib; sourceTree = "<group>"; };
		23B7CAB8274E8999003986D2 /* NetworkManager.swift */ = {isa = PBXFileReference; lastKnownFileType = sourcecode.swift; path = NetworkManager.swift; sourceTree = "<group>"; };
		23B7CABA274E8ECA003986D2 /* CategoryDataModel.swift */ = {isa = PBXFileReference; lastKnownFileType = sourcecode.swift; path = CategoryDataModel.swift; sourceTree = "<group>"; };
		23B7CAC227502C0C003986D2 /* SubcategoryDataModel.swift */ = {isa = PBXFileReference; lastKnownFileType = sourcecode.swift; path = SubcategoryDataModel.swift; sourceTree = "<group>"; };
		23B7CAC427511398003986D2 /* SubcategoryTableViewController.swift */ = {isa = PBXFileReference; lastKnownFileType = sourcecode.swift; path = SubcategoryTableViewController.swift; sourceTree = "<group>"; };
		23C1266727512668008A8669 /* SubcategoryCell.swift */ = {isa = PBXFileReference; lastKnownFileType = sourcecode.swift; path = SubcategoryCell.swift; sourceTree = "<group>"; };
		23C1266827512668008A8669 /* SubcategoryCell.xib */ = {isa = PBXFileReference; lastKnownFileType = file.xib; path = SubcategoryCell.xib; sourceTree = "<group>"; };
		F5CE3FE92738579200C648D5 /* BlackStarShop2.app */ = {isa = PBXFileReference; explicitFileType = wrapper.application; includeInIndex = 0; path = BlackStarShop2.app; sourceTree = BUILT_PRODUCTS_DIR; };
		F5CE3FEC2738579200C648D5 /* AppDelegate.swift */ = {isa = PBXFileReference; lastKnownFileType = sourcecode.swift; path = AppDelegate.swift; sourceTree = "<group>"; };
		F5CE3FEE2738579200C648D5 /* SceneDelegate.swift */ = {isa = PBXFileReference; lastKnownFileType = sourcecode.swift; path = SceneDelegate.swift; sourceTree = "<group>"; };
		F5CE3FF32738579200C648D5 /* Base */ = {isa = PBXFileReference; lastKnownFileType = file.storyboard; name = Base; path = Base.lproj/Main.storyboard; sourceTree = "<group>"; };
		F5CE3FF62738579200C648D5 /* BlackStarShop2.xcdatamodel */ = {isa = PBXFileReference; lastKnownFileType = wrapper.xcdatamodel; path = BlackStarShop2.xcdatamodel; sourceTree = "<group>"; };
		F5CE3FF82738579500C648D5 /* Assets.xcassets */ = {isa = PBXFileReference; lastKnownFileType = folder.assetcatalog; path = Assets.xcassets; sourceTree = "<group>"; };
		F5CE3FFB2738579500C648D5 /* Base */ = {isa = PBXFileReference; lastKnownFileType = file.storyboard; name = Base; path = Base.lproj/LaunchScreen.storyboard; sourceTree = "<group>"; };
		F5CE3FFD2738579500C648D5 /* Info.plist */ = {isa = PBXFileReference; lastKnownFileType = text.plist.xml; path = Info.plist; sourceTree = "<group>"; };
/* End PBXFileReference section */

/* Begin PBXFrameworksBuildPhase section */
		F5CE3FE62738579200C648D5 /* Frameworks */ = {
			isa = PBXFrameworksBuildPhase;
			buildActionMask = 2147483647;
			files = (
			);
			runOnlyForDeploymentPostprocessing = 0;
		};
/* End PBXFrameworksBuildPhase section */

/* Begin PBXGroup section */
		23B7CAB7274D592A003986D2 /* CategoryControllers */ = {
			isa = PBXGroup;
			children = (
				23B7CAB1274D58FC003986D2 /* CategoryTableViewController.swift */,
				23B7CAB4274D591F003986D2 /* CategoryCell.xib */,
				23B7CAB3274D591F003986D2 /* CategoryCell.swift */,
			);
			path = CategoryControllers;
			sourceTree = "<group>";
		};
		23B7CABC274E8F30003986D2 /* NetrworkManager */ = {
			isa = PBXGroup;
			children = (
				23B7CAB8274E8999003986D2 /* NetworkManager.swift */,
			);
			path = NetrworkManager;
			sourceTree = "<group>";
		};
		23B7CABD274E8F43003986D2 /* DataModels */ = {
			isa = PBXGroup;
			children = (
				23B7CABA274E8ECA003986D2 /* CategoryDataModel.swift */,
				23B7CAC227502C0C003986D2 /* SubcategoryDataModel.swift */,
			);
			path = DataModels;
			sourceTree = "<group>";
		};
		23B7CABF274E8F5E003986D2 /* Constants */ = {
			isa = PBXGroup;
			children = (
				23B7CAA8274D517C003986D2 /* Constants.swift */,
			);
			path = Constants;
			sourceTree = "<group>";
		};
		23B7CAC1274E9911003986D2 /* SubcategoryControllers */ = {
			isa = PBXGroup;
			children = (
				23B7CAC427511398003986D2 /* SubcategoryTableViewController.swift */,
				23C1266727512668008A8669 /* SubcategoryCell.swift */,
				23C1266827512668008A8669 /* SubcategoryCell.xib */,
			);
			path = SubcategoryControllers;
			sourceTree = "<group>";
		};
		F5CE3FE02738579200C648D5 = {
			isa = PBXGroup;
			children = (
				F5CE3FEB2738579200C648D5 /* BlackStarShop2 */,
				F5CE3FEA2738579200C648D5 /* Products */,
			);
			sourceTree = "<group>";
		};
		F5CE3FEA2738579200C648D5 /* Products */ = {
			isa = PBXGroup;
			children = (
				F5CE3FE92738579200C648D5 /* BlackStarShop2.app */,
			);
			name = Products;
			sourceTree = "<group>";
		};
		F5CE3FEB2738579200C648D5 /* BlackStarShop2 */ = {
			isa = PBXGroup;
			children = (
				F5CE3FEC2738579200C648D5 /* AppDelegate.swift */,
				F5CE3FEE2738579200C648D5 /* SceneDelegate.swift */,
				23B7CABD274E8F43003986D2 /* DataModels */,
				23B7CABC274E8F30003986D2 /* NetrworkManager */,
				23B7CAB7274D592A003986D2 /* CategoryControllers */,
				23B7CABF274E8F5E003986D2 /* Constants */,
				23B7CAC1274E9911003986D2 /* SubcategoryControllers */,
				23B7CAA6274D50C8003986D2 /* Colors.xcassets */,
				F5CE3FF22738579200C648D5 /* Main.storyboard */,
				F5CE3FF82738579500C648D5 /* Assets.xcassets */,
				F5CE3FFA2738579500C648D5 /* LaunchScreen.storyboard */,
				F5CE3FFD2738579500C648D5 /* Info.plist */,
				F5CE3FF52738579200C648D5 /* BlackStarShop2.xcdatamodeld */,
			);
			path = BlackStarShop2;
			sourceTree = "<group>";
		};
/* End PBXGroup section */

/* Begin PBXNativeTarget section */
		F5CE3FE82738579200C648D5 /* BlackStarShop2 */ = {
			isa = PBXNativeTarget;
			buildConfigurationList = F5CE40002738579500C648D5 /* Build configuration list for PBXNativeTarget "BlackStarShop2" */;
			buildPhases = (
				F5CE3FE52738579200C648D5 /* Sources */,
				F5CE3FE62738579200C648D5 /* Frameworks */,
				F5CE3FE72738579200C648D5 /* Resources */,
			);
			buildRules = (
			);
			dependencies = (
			);
			name = BlackStarShop2;
			productName = BlackStarShop2;
			productReference = F5CE3FE92738579200C648D5 /* BlackStarShop2.app */;
			productType = "com.apple.product-type.application";
		};
/* End PBXNativeTarget section */

/* Begin PBXProject section */
		F5CE3FE12738579200C648D5 /* Project object */ = {
			isa = PBXProject;
			attributes = {
				BuildIndependentTargetsInParallel = 1;
				LastSwiftUpdateCheck = 1310;
				LastUpgradeCheck = 1310;
				TargetAttributes = {
					F5CE3FE82738579200C648D5 = {
						CreatedOnToolsVersion = 13.1;
					};
				};
			};
			buildConfigurationList = F5CE3FE42738579200C648D5 /* Build configuration list for PBXProject "BlackStarShop2" */;
			compatibilityVersion = "Xcode 13.0";
			developmentRegion = en;
			hasScannedForEncodings = 0;
			knownRegions = (
				en,
				Base,
			);
			mainGroup = F5CE3FE02738579200C648D5;
			productRefGroup = F5CE3FEA2738579200C648D5 /* Products */;
			projectDirPath = "";
			projectRoot = "";
			targets = (
				F5CE3FE82738579200C648D5 /* BlackStarShop2 */,
			);
		};
/* End PBXProject section */

/* Begin PBXResourcesBuildPhase section */
		F5CE3FE72738579200C648D5 /* Resources */ = {
			isa = PBXResourcesBuildPhase;
			buildActionMask = 2147483647;
			files = (
				23B7CAB6274D591F003986D2 /* CategoryCell.xib in Resources */,
				F5CE3FFC2738579500C648D5 /* LaunchScreen.storyboard in Resources */,
				23C1266A27512668008A8669 /* SubcategoryCell.xib in Resources */,
				23B7CAA7274D50C8003986D2 /* Colors.xcassets in Resources */,
				F5CE3FF92738579500C648D5 /* Assets.xcassets in Resources */,
				F5CE3FF42738579200C648D5 /* Main.storyboard in Resources */,
			);
			runOnlyForDeploymentPostprocessing = 0;
		};
/* End PBXResourcesBuildPhase section */

/* Begin PBXSourcesBuildPhase section */
		F5CE3FE52738579200C648D5 /* Sources */ = {
			isa = PBXSourcesBuildPhase;
			buildActionMask = 2147483647;
			files = (
				23B7CAC527511398003986D2 /* SubcategoryTableViewController.swift in Sources */,
				23B7CAA9274D517D003986D2 /* Constants.swift in Sources */,
				F5CE3FED2738579200C648D5 /* AppDelegate.swift in Sources */,
				23B7CAB2274D58FC003986D2 /* CategoryTableViewController.swift in Sources */,
				23B7CABB274E8ECA003986D2 /* CategoryDataModel.swift in Sources */,
				23C1266927512668008A8669 /* SubcategoryCell.swift in Sources */,
				23B7CAB9274E8999003986D2 /* NetworkManager.swift in Sources */,
				23B7CAC327502C0C003986D2 /* SubcategoryDataModel.swift in Sources */,
				F5CE3FF72738579200C648D5 /* BlackStarShop2.xcdatamodeld in Sources */,
				F5CE3FEF2738579200C648D5 /* SceneDelegate.swift in Sources */,
				23B7CAB5274D591F003986D2 /* CategoryCell.swift in Sources */,
			);
			runOnlyForDeploymentPostprocessing = 0;
		};
/* End PBXSourcesBuildPhase section */

/* Begin PBXVariantGroup section */
		F5CE3FF22738579200C648D5 /* Main.storyboard */ = {
			isa = PBXVariantGroup;
			children = (
				F5CE3FF32738579200C648D5 /* Base */,
			);
			name = Main.storyboard;
			sourceTree = "<group>";
		};
		F5CE3FFA2738579500C648D5 /* LaunchScreen.storyboard */ = {
			isa = PBXVariantGroup;
			children = (
				F5CE3FFB2738579500C648D5 /* Base */,
			);
			name = LaunchScreen.storyboard;
			sourceTree = "<group>";
		};
/* End PBXVariantGroup section */

/* Begin XCBuildConfiguration section */
		F5CE3FFE2738579500C648D5 /* Debug */ = {
			isa = XCBuildConfiguration;
			buildSettings = {
				ALWAYS_SEARCH_USER_PATHS = NO;
				CLANG_ANALYZER_NONNULL = YES;
				CLANG_ANALYZER_NUMBER_OBJECT_CONVERSION = YES_AGGRESSIVE;
				CLANG_CXX_LANGUAGE_STANDARD = "gnu++17";
				CLANG_CXX_LIBRARY = "libc++";
				CLANG_ENABLE_MODULES = YES;
				CLANG_ENABLE_OBJC_ARC = YES;
				CLANG_ENABLE_OBJC_WEAK = YES;
				CLANG_WARN_BLOCK_CAPTURE_AUTORELEASING = YES;
				CLANG_WARN_BOOL_CONVERSION = YES;
				CLANG_WARN_COMMA = YES;
				CLANG_WARN_CONSTANT_CONVERSION = YES;
				CLANG_WARN_DEPRECATED_OBJC_IMPLEMENTATIONS = YES;
				CLANG_WARN_DIRECT_OBJC_ISA_USAGE = YES_ERROR;
				CLANG_WARN_DOCUMENTATION_COMMENTS = YES;
				CLANG_WARN_EMPTY_BODY = YES;
				CLANG_WARN_ENUM_CONVERSION = YES;
				CLANG_WARN_INFINITE_RECURSION = YES;
				CLANG_WARN_INT_CONVERSION = YES;
				CLANG_WARN_NON_LITERAL_NULL_CONVERSION = YES;
				CLANG_WARN_OBJC_IMPLICIT_RETAIN_SELF = YES;
				CLANG_WARN_OBJC_LITERAL_CONVERSION = YES;
				CLANG_WARN_OBJC_ROOT_CLASS = YES_ERROR;
				CLANG_WARN_QUOTED_INCLUDE_IN_FRAMEWORK_HEADER = YES;
				CLANG_WARN_RANGE_LOOP_ANALYSIS = YES;
				CLANG_WARN_STRICT_PROTOTYPES = YES;
				CLANG_WARN_SUSPICIOUS_MOVE = YES;
				CLANG_WARN_UNGUARDED_AVAILABILITY = YES_AGGRESSIVE;
				CLANG_WARN_UNREACHABLE_CODE = YES;
				CLANG_WARN__DUPLICATE_METHOD_MATCH = YES;
				COPY_PHASE_STRIP = NO;
				DEBUG_INFORMATION_FORMAT = dwarf;
				ENABLE_STRICT_OBJC_MSGSEND = YES;
				ENABLE_TESTABILITY = YES;
				GCC_C_LANGUAGE_STANDARD = gnu11;
				GCC_DYNAMIC_NO_PIC = NO;
				GCC_NO_COMMON_BLOCKS = YES;
				GCC_OPTIMIZATION_LEVEL = 0;
				GCC_PREPROCESSOR_DEFINITIONS = (
					"DEBUG=1",
					"$(inherited)",
				);
				GCC_WARN_64_TO_32_BIT_CONVERSION = YES;
				GCC_WARN_ABOUT_RETURN_TYPE = YES_ERROR;
				GCC_WARN_UNDECLARED_SELECTOR = YES;
				GCC_WARN_UNINITIALIZED_AUTOS = YES_AGGRESSIVE;
				GCC_WARN_UNUSED_FUNCTION = YES;
				GCC_WARN_UNUSED_VARIABLE = YES;
				IPHONEOS_DEPLOYMENT_TARGET = 15.0;
				MTL_ENABLE_DEBUG_INFO = INCLUDE_SOURCE;
				MTL_FAST_MATH = YES;
				ONLY_ACTIVE_ARCH = YES;
				SDKROOT = iphoneos;
				SWIFT_ACTIVE_COMPILATION_CONDITIONS = DEBUG;
				SWIFT_OPTIMIZATION_LEVEL = "-Onone";
			};
			name = Debug;
		};
		F5CE3FFF2738579500C648D5 /* Release */ = {
			isa = XCBuildConfiguration;
			buildSettings = {
				ALWAYS_SEARCH_USER_PATHS = NO;
				CLANG_ANALYZER_NONNULL = YES;
				CLANG_ANALYZER_NUMBER_OBJECT_CONVERSION = YES_AGGRESSIVE;
				CLANG_CXX_LANGUAGE_STANDARD = "gnu++17";
				CLANG_CXX_LIBRARY = "libc++";
				CLANG_ENABLE_MODULES = YES;
				CLANG_ENABLE_OBJC_ARC = YES;
				CLANG_ENABLE_OBJC_WEAK = YES;
				CLANG_WARN_BLOCK_CAPTURE_AUTORELEASING = YES;
				CLANG_WARN_BOOL_CONVERSION = YES;
				CLANG_WARN_COMMA = YES;
				CLANG_WARN_CONSTANT_CONVERSION = YES;
				CLANG_WARN_DEPRECATED_OBJC_IMPLEMENTATIONS = YES;
				CLANG_WARN_DIRECT_OBJC_ISA_USAGE = YES_ERROR;
				CLANG_WARN_DOCUMENTATION_COMMENTS = YES;
				CLANG_WARN_EMPTY_BODY = YES;
				CLANG_WARN_ENUM_CONVERSION = YES;
				CLANG_WARN_INFINITE_RECURSION = YES;
				CLANG_WARN_INT_CONVERSION = YES;
				CLANG_WARN_NON_LITERAL_NULL_CONVERSION = YES;
				CLANG_WARN_OBJC_IMPLICIT_RETAIN_SELF = YES;
				CLANG_WARN_OBJC_LITERAL_CONVERSION = YES;
				CLANG_WARN_OBJC_ROOT_CLASS = YES_ERROR;
				CLANG_WARN_QUOTED_INCLUDE_IN_FRAMEWORK_HEADER = YES;
				CLANG_WARN_RANGE_LOOP_ANALYSIS = YES;
				CLANG_WARN_STRICT_PROTOTYPES = YES;
				CLANG_WARN_SUSPICIOUS_MOVE = YES;
				CLANG_WARN_UNGUARDED_AVAILABILITY = YES_AGGRESSIVE;
				CLANG_WARN_UNREACHABLE_CODE = YES;
				CLANG_WARN__DUPLICATE_METHOD_MATCH = YES;
				COPY_PHASE_STRIP = NO;
				DEBUG_INFORMATION_FORMAT = "dwarf-with-dsym";
				ENABLE_NS_ASSERTIONS = NO;
				ENABLE_STRICT_OBJC_MSGSEND = YES;
				GCC_C_LANGUAGE_STANDARD = gnu11;
				GCC_NO_COMMON_BLOCKS = YES;
				GCC_WARN_64_TO_32_BIT_CONVERSION = YES;
				GCC_WARN_ABOUT_RETURN_TYPE = YES_ERROR;
				GCC_WARN_UNDECLARED_SELECTOR = YES;
				GCC_WARN_UNINITIALIZED_AUTOS = YES_AGGRESSIVE;
				GCC_WARN_UNUSED_FUNCTION = YES;
				GCC_WARN_UNUSED_VARIABLE = YES;
				IPHONEOS_DEPLOYMENT_TARGET = 15.0;
				MTL_ENABLE_DEBUG_INFO = NO;
				MTL_FAST_MATH = YES;
				SDKROOT = iphoneos;
				SWIFT_COMPILATION_MODE = wholemodule;
				SWIFT_OPTIMIZATION_LEVEL = "-O";
				VALIDATE_PRODUCT = YES;
			};
			name = Release;
		};
		F5CE40012738579500C648D5 /* Debug */ = {
			isa = XCBuildConfiguration;
			buildSettings = {
				ASSETCATALOG_COMPILER_APPICON_NAME = AppIcon;
				ASSETCATALOG_COMPILER_GLOBAL_ACCENT_COLOR_NAME = AccentColor;
				CODE_SIGN_STYLE = Automatic;
				CURRENT_PROJECT_VERSION = 1;
				DEVELOPMENT_TEAM = PVKRD4595J;
				GENERATE_INFOPLIST_FILE = YES;
				INFOPLIST_FILE = BlackStarShop2/Info.plist;
				INFOPLIST_KEY_UIApplicationSupportsIndirectInputEvents = YES;
				INFOPLIST_KEY_UILaunchStoryboardName = LaunchScreen;
				INFOPLIST_KEY_UIMainStoryboardFile = Main;
				INFOPLIST_KEY_UISupportedInterfaceOrientations_iPad = "UIInterfaceOrientationPortrait UIInterfaceOrientationPortraitUpsideDown UIInterfaceOrientationLandscapeLeft UIInterfaceOrientationLandscapeRight";
				INFOPLIST_KEY_UISupportedInterfaceOrientations_iPhone = "UIInterfaceOrientationPortrait UIInterfaceOrientationLandscapeLeft UIInterfaceOrientationLandscapeRight";
				LD_RUNPATH_SEARCH_PATHS = (
					"$(inherited)",
					"@executable_path/Frameworks",
				);
				MARKETING_VERSION = 1.0;
				PRODUCT_BUNDLE_IDENTIFIER = vlad.BlackStarShop2;
				PRODUCT_NAME = "$(TARGET_NAME)";
				SWIFT_EMIT_LOC_STRINGS = YES;
				SWIFT_VERSION = 5.0;
				TARGETED_DEVICE_FAMILY = "1,2";
			};
			name = Debug;
		};
		F5CE40022738579500C648D5 /* Release */ = {
			isa = XCBuildConfiguration;
			buildSettings = {
				ASSETCATALOG_COMPILER_APPICON_NAME = AppIcon;
				ASSETCATALOG_COMPILER_GLOBAL_ACCENT_COLOR_NAME = AccentColor;
				CODE_SIGN_STYLE = Automatic;
				CURRENT_PROJECT_VERSION = 1;
				DEVELOPMENT_TEAM = PVKRD4595J;
				GENERATE_INFOPLIST_FILE = YES;
				INFOPLIST_FILE = BlackStarShop2/Info.plist;
				INFOPLIST_KEY_UIApplicationSupportsIndirectInputEvents = YES;
				INFOPLIST_KEY_UILaunchStoryboardName = LaunchScreen;
				INFOPLIST_KEY_UIMainStoryboardFile = Main;
				INFOPLIST_KEY_UISupportedInterfaceOrientations_iPad = "UIInterfaceOrientationPortrait UIInterfaceOrientationPortraitUpsideDown UIInterfaceOrientationLandscapeLeft UIInterfaceOrientationLandscapeRight";
				INFOPLIST_KEY_UISupportedInterfaceOrientations_iPhone = "UIInterfaceOrientationPortrait UIInterfaceOrientationLandscapeLeft UIInterfaceOrientationLandscapeRight";
				LD_RUNPATH_SEARCH_PATHS = (
					"$(inherited)",
					"@executable_path/Frameworks",
				);
				MARKETING_VERSION = 1.0;
				PRODUCT_BUNDLE_IDENTIFIER = vlad.BlackStarShop2;
				PRODUCT_NAME = "$(TARGET_NAME)";
				SWIFT_EMIT_LOC_STRINGS = YES;
				SWIFT_VERSION = 5.0;
				TARGETED_DEVICE_FAMILY = "1,2";
			};
			name = Release;
		};
/* End XCBuildConfiguration section */

/* Begin XCConfigurationList section */
		F5CE3FE42738579200C648D5 /* Build configuration list for PBXProject "BlackStarShop2" */ = {
			isa = XCConfigurationList;
			buildConfigurations = (
				F5CE3FFE2738579500C648D5 /* Debug */,
				F5CE3FFF2738579500C648D5 /* Release */,
			);
			defaultConfigurationIsVisible = 0;
			defaultConfigurationName = Release;
		};
		F5CE40002738579500C648D5 /* Build configuration list for PBXNativeTarget "BlackStarShop2" */ = {
			isa = XCConfigurationList;
			buildConfigurations = (
				F5CE40012738579500C648D5 /* Debug */,
				F5CE40022738579500C648D5 /* Release */,
			);
			defaultConfigurationIsVisible = 0;
			defaultConfigurationName = Release;
		};
/* End XCConfigurationList section */

/* Begin XCVersionGroup section */
		F5CE3FF52738579200C648D5 /* BlackStarShop2.xcdatamodeld */ = {
			isa = XCVersionGroup;
			children = (
				F5CE3FF62738579200C648D5 /* BlackStarShop2.xcdatamodel */,
			);
			currentVersion = F5CE3FF62738579200C648D5 /* BlackStarShop2.xcdatamodel */;
			path = BlackStarShop2.xcdatamodeld;
			sourceTree = "<group>";
			versionGroupType = wrapper.xcdatamodel;
		};
/* End XCVersionGroup section */
	};
	rootObject = F5CE3FE12738579200C648D5 /* Project object */;
}
